// !$*UTF8*$!
{
	archiveVersion = 1;
	classes = {
	};
	objectVersion = 50;
	objects = {

/* Begin PBXBuildFile section */
		5D12CB4226D78F9500B7A7ED /* AppDelegate.swift in Sources */ = {isa = PBXBuildFile; fileRef = 5D12CB4126D78F9500B7A7ED /* AppDelegate.swift */; };
		5D12CB4426D78F9500B7A7ED /* SceneDelegate.swift in Sources */ = {isa = PBXBuildFile; fileRef = 5D12CB4326D78F9500B7A7ED /* SceneDelegate.swift */; };
		5D12CB4626D78F9500B7A7ED /* LoginViewContorller.swift in Sources */ = {isa = PBXBuildFile; fileRef = 5D12CB4526D78F9500B7A7ED /* LoginViewContorller.swift */; };
		5D12CB4926D78F9500B7A7ED /* Main.storyboard in Resources */ = {isa = PBXBuildFile; fileRef = 5D12CB4726D78F9500B7A7ED /* Main.storyboard */; };
		5D12CB4B26D78F9D00B7A7ED /* Assets.xcassets in Resources */ = {isa = PBXBuildFile; fileRef = 5D12CB4A26D78F9D00B7A7ED /* Assets.xcassets */; };
		5D12CB4E26D78F9D00B7A7ED /* LaunchScreen.storyboard in Resources */ = {isa = PBXBuildFile; fileRef = 5D12CB4C26D78F9D00B7A7ED /* LaunchScreen.storyboard */; };
		5D12CB5626D7A39500B7A7ED /* TableViewController.swift in Sources */ = {isa = PBXBuildFile; fileRef = 5D12CB5526D7A39500B7A7ED /* TableViewController.swift */; };
		5D12CB5B26D7B01B00B7A7ED /* DemoTableViewCell.swift in Sources */ = {isa = PBXBuildFile; fileRef = 5D12CB5926D7B01B00B7A7ED /* DemoTableViewCell.swift */; };
		5D12CB5C26D7B01B00B7A7ED /* DemoTableViewCell.xib in Resources */ = {isa = PBXBuildFile; fileRef = 5D12CB5A26D7B01B00B7A7ED /* DemoTableViewCell.xib */; };
/* End PBXBuildFile section */

/* Begin PBXFileReference section */
		5D12CB3E26D78F9500B7A7ED /* testapp.app */ = {isa = PBXFileReference; explicitFileType = wrapper.application; includeInIndex = 0; path = testapp.app; sourceTree = BUILT_PRODUCTS_DIR; };
		5D12CB4126D78F9500B7A7ED /* AppDelegate.swift */ = {isa = PBXFileReference; lastKnownFileType = sourcecode.swift; path = AppDelegate.swift; sourceTree = "<group>"; };
		5D12CB4326D78F9500B7A7ED /* SceneDelegate.swift */ = {isa = PBXFileReference; lastKnownFileType = sourcecode.swift; path = SceneDelegate.swift; sourceTree = "<group>"; };
		5D12CB4526D78F9500B7A7ED /* LoginViewContorller.swift */ = {isa = PBXFileReference; lastKnownFileType = sourcecode.swift; path = LoginViewContorller.swift; sourceTree = "<group>"; };
		5D12CB4826D78F9500B7A7ED /* Base */ = {isa = PBXFileReference; lastKnownFileType = file.storyboard; name = Base; path = Base.lproj/Main.storyboard; sourceTree = "<group>"; };
		5D12CB4A26D78F9D00B7A7ED /* Assets.xcassets */ = {isa = PBXFileReference; lastKnownFileType = folder.assetcatalog; path = Assets.xcassets; sourceTree = "<group>"; };
		5D12CB4D26D78F9D00B7A7ED /* Base */ = {isa = PBXFileReference; lastKnownFileType = file.storyboard; name = Base; path = Base.lproj/LaunchScreen.storyboard; sourceTree = "<group>"; };
		5D12CB4F26D78F9D00B7A7ED /* Info.plist */ = {isa = PBXFileReference; lastKnownFileType = text.plist.xml; path = Info.plist; sourceTree = "<group>"; };
		5D12CB5526D7A39500B7A7ED /* TableViewController.swift */ = {isa = PBXFileReference; lastKnownFileType = sourcecode.swift; path = TableViewController.swift; sourceTree = "<group>"; };
		5D12CB5926D7B01B00B7A7ED /* DemoTableViewCell.swift */ = {isa = PBXFileReference; lastKnownFileType = sourcecode.swift; path = DemoTableViewCell.swift; sourceTree = "<group>"; };
		5D12CB5A26D7B01B00B7A7ED /* DemoTableViewCell.xib */ = {isa = PBXFileReference; lastKnownFileType = file.xib; path = DemoTableViewCell.xib; sourceTree = "<group>"; };
/* End PBXFileReference section */

/* Begin PBXFrameworksBuildPhase section */
		5D12CB3B26D78F9500B7A7ED /* Frameworks */ = {
			isa = PBXFrameworksBuildPhase;
			buildActionMask = 2147483647;
			files = (
			);
			runOnlyForDeploymentPostprocessing = 0;
		};
/* End PBXFrameworksBuildPhase section */

/* Begin PBXGroup section */
		5D12CB3526D78F9500B7A7ED = {
			isa = PBXGroup;
			children = (
				5D12CB4026D78F9500B7A7ED /* testapp */,
				5D12CB3F26D78F9500B7A7ED /* Products */,
			);
			sourceTree = "<group>";
		};
		5D12CB3F26D78F9500B7A7ED /* Products */ = {
			isa = PBXGroup;
			children = (
				5D12CB3E26D78F9500B7A7ED /* testapp.app */,
			);
			name = Products;
			sourceTree = "<group>";
		};
		5D12CB4026D78F9500B7A7ED /* testapp */ = {
			isa = PBXGroup;
			children = (
				5D12CB4126D78F9500B7A7ED /* AppDelegate.swift */,
				5D12CB4326D78F9500B7A7ED /* SceneDelegate.swift */,
				5D12CB4526D78F9500B7A7ED /* LoginViewContorller.swift */,
				5D12CB4726D78F9500B7A7ED /* Main.storyboard */,
				5D12CB4A26D78F9D00B7A7ED /* Assets.xcassets */,
				5D12CB4C26D78F9D00B7A7ED /* LaunchScreen.storyboard */,
				5D12CB4F26D78F9D00B7A7ED /* Info.plist */,
				5D12CB5526D7A39500B7A7ED /* TableViewController.swift */,
				5D12CB5926D7B01B00B7A7ED /* DemoTableViewCell.swift */,
				5D12CB5A26D7B01B00B7A7ED /* DemoTableViewCell.xib */,
			);
			path = testapp;
			sourceTree = "<group>";
		};
/* End PBXGroup section */

/* Begin PBXNativeTarget section */
		5D12CB3D26D78F9500B7A7ED /* testapp */ = {
			isa = PBXNativeTarget;
			buildConfigurationList = 5D12CB5226D78F9D00B7A7ED /* Build configuration list for PBXNativeTarget "testapp" */;
			buildPhases = (
				5D12CB3A26D78F9500B7A7ED /* Sources */,
				5D12CB3B26D78F9500B7A7ED /* Frameworks */,
				5D12CB3C26D78F9500B7A7ED /* Resources */,
			);
			buildRules = (
			);
			dependencies = (
			);
			name = testapp;
			productName = testapp;
			productReference = 5D12CB3E26D78F9500B7A7ED /* testapp.app */;
			productType = "com.apple.product-type.application";
		};
/* End PBXNativeTarget section */

/* Begin PBXProject section */
		5D12CB3626D78F9500B7A7ED /* Project object */ = {
			isa = PBXProject;
			attributes = {
				LastSwiftUpdateCheck = 1250;
				LastUpgradeCheck = 1250;
				TargetAttributes = {
					5D12CB3D26D78F9500B7A7ED = {
						CreatedOnToolsVersion = 12.5.1;
					};
				};
			};
			buildConfigurationList = 5D12CB3926D78F9500B7A7ED /* Build configuration list for PBXProject "testapp" */;
			compatibilityVersion = "Xcode 9.3";
			developmentRegion = en;
			hasScannedForEncodings = 0;
			knownRegions = (
				en,
				Base,
			);
			mainGroup = 5D12CB3526D78F9500B7A7ED;
			productRefGroup = 5D12CB3F26D78F9500B7A7ED /* Products */;
			projectDirPath = "";
			projectRoot = "";
			targets = (
				5D12CB3D26D78F9500B7A7ED /* testapp */,
			);
		};
/* End PBXProject section */

/* Begin PBXResourcesBuildPhase section */
		5D12CB3C26D78F9500B7A7ED /* Resources */ = {
			isa = PBXResourcesBuildPhase;
			buildActionMask = 2147483647;
			files = (
				5D12CB4E26D78F9D00B7A7ED /* LaunchScreen.storyboard in Resources */,
				5D12CB4B26D78F9D00B7A7ED /* Assets.xcassets in Resources */,
				5D12CB5C26D7B01B00B7A7ED /* DemoTableViewCell.xib in Resources */,
				5D12CB4926D78F9500B7A7ED /* Main.storyboard in Resources */,
			);
			runOnlyForDeploymentPostprocessing = 0;
		};
/* End PBXResourcesBuildPhase section */

/* Begin PBXSourcesBuildPhase section */
		5D12CB3A26D78F9500B7A7ED /* Sources */ = {
			isa = PBXSourcesBuildPhase;
			buildActionMask = 2147483647;
			files = (
				5D12CB5626D7A39500B7A7ED /* TableViewController.swift in Sources */,
				5D12CB4626D78F9500B7A7ED /* LoginViewContorller.swift in Sources */,
				5D12CB4226D78F9500B7A7ED /* AppDelegate.swift in Sources */,
				5D12CB5B26D7B01B00B7A7ED /* DemoTableViewCell.swift in Sources */,
				5D12CB4426D78F9500B7A7ED /* SceneDelegate.swift in Sources */,
			);
			runOnlyForDeploymentPostprocessing = 0;
		};
/* End PBXSourcesBuildPhase section */

/* Begin PBXVariantGroup section */
		5D12CB4726D78F9500B7A7ED /* Main.storyboard */ = {
			isa = PBXVariantGroup;
			children = (
				5D12CB4826D78F9500B7A7ED /* Base */,
			);
			name = Main.storyboard;
			sourceTree = "<group>";
		};
		5D12CB4C26D78F9D00B7A7ED /* LaunchScreen.storyboard */ = {
			isa = PBXVariantGroup;
			children = (
				5D12CB4D26D78F9D00B7A7ED /* Base */,
			);
			name = LaunchScreen.storyboard;
			sourceTree = "<group>";
		};
/* End PBXVariantGroup section */

/* Begin XCBuildConfiguration section */
		5D12CB5026D78F9D00B7A7ED /* Debug */ = {
			isa = XCBuildConfiguration;
			buildSettings = {
				ALWAYS_SEARCH_USER_PATHS = NO;
				CLANG_ANALYZER_NONNULL = YES;
				CLANG_ANALYZER_NUMBER_OBJECT_CONVERSION = YES_AGGRESSIVE;
				CLANG_CXX_LANGUAGE_STANDARD = "gnu++14";
				CLANG_CXX_LIBRARY = "libc++";
				CLANG_ENABLE_MODULES = YES;
				CLANG_ENABLE_OBJC_ARC = YES;
				CLANG_ENABLE_OBJC_WEAK = YES;
				CLANG_WARN_BLOCK_CAPTURE_AUTORELEASING = YES;
				CLANG_WARN_BOOL_CONVERSION = YES;
				CLANG_WARN_COMMA = YES;
				CLANG_WARN_CONSTANT_CONVERSION = YES;
				CLANG_WARN_DEPRECATED_OBJC_IMPLEMENTATIONS = YES;
				CLANG_WARN_DIRECT_OBJC_ISA_USAGE = YES_ERROR;
				CLANG_WARN_DOCUMENTATION_COMMENTS = YES;
				CLANG_WARN_EMPTY_BODY = YES;
				CLANG_WARN_ENUM_CONVERSION = YES;
				CLANG_WARN_INFINITE_RECURSION = YES;
				CLANG_WARN_INT_CONVERSION = YES;
				CLANG_WARN_NON_LITERAL_NULL_CONVERSION = YES;
				CLANG_WARN_OBJC_IMPLICIT_RETAIN_SELF = YES;
				CLANG_WARN_OBJC_LITERAL_CONVERSION = YES;
				CLANG_WARN_OBJC_ROOT_CLASS = YES_ERROR;
				CLANG_WARN_QUOTED_INCLUDE_IN_FRAMEWORK_HEADER = YES;
				CLANG_WARN_RANGE_LOOP_ANALYSIS = YES;
				CLANG_WARN_STRICT_PROTOTYPES = YES;
				CLANG_WARN_SUSPICIOUS_MOVE = YES;
				CLANG_WARN_UNGUARDED_AVAILABILITY = YES_AGGRESSIVE;
				CLANG_WARN_UNREACHABLE_CODE = YES;
				CLANG_WARN__DUPLICATE_METHOD_MATCH = YES;
				COPY_PHASE_STRIP = NO;
				DEBUG_INFORMATION_FORMAT = dwarf;
				ENABLE_STRICT_OBJC_MSGSEND = YES;
				ENABLE_TESTABILITY = YES;
				GCC_C_LANGUAGE_STANDARD = gnu11;
				GCC_DYNAMIC_NO_PIC = NO;
				GCC_NO_COMMON_BLOCKS = YES;
				GCC_OPTIMIZATION_LEVEL = 0;
				GCC_PREPROCESSOR_DEFINITIONS = (
					"DEBUG=1",
					"$(inherited)",
				);
				GCC_WARN_64_TO_32_BIT_CONVERSION = YES;
				GCC_WARN_ABOUT_RETURN_TYPE = YES_ERROR;
				GCC_WARN_UNDECLARED_SELECTOR = YES;
				GCC_WARN_UNINITIALIZED_AUTOS = YES_AGGRESSIVE;
				GCC_WARN_UNUSED_FUNCTION = YES;
				GCC_WARN_UNUSED_VARIABLE = YES;
				IPHONEOS_DEPLOYMENT_TARGET = 14.5;
				MTL_ENABLE_DEBUG_INFO = INCLUDE_SOURCE;
				MTL_FAST_MATH = YES;
				ONLY_ACTIVE_ARCH = YES;
				SDKROOT = iphoneos;
				SWIFT_ACTIVE_COMPILATION_CONDITIONS = DEBUG;
				SWIFT_OPTIMIZATION_LEVEL = "-Onone";
			};
			name = Debug;
		};
		5D12CB5126D78F9D00B7A7ED /* Release */ = {
			isa = XCBuildConfiguration;
			buildSettings = {
				ALWAYS_SEARCH_USER_PATHS = NO;
				CLANG_ANALYZER_NONNULL = YES;
				CLANG_ANALYZER_NUMBER_OBJECT_CONVERSION = YES_AGGRESSIVE;
				CLANG_CXX_LANGUAGE_STANDARD = "gnu++14";
				CLANG_CXX_LIBRARY = "libc++";
				CLANG_ENABLE_MODULES = YES;
				CLANG_ENABLE_OBJC_ARC = YES;
				CLANG_ENABLE_OBJC_WEAK = YES;
				CLANG_WARN_BLOCK_CAPTURE_AUTORELEASING = YES;
				CLANG_WARN_BOOL_CONVERSION = YES;
				CLANG_WARN_COMMA = YES;
				CLANG_WARN_CONSTANT_CONVERSION = YES;
				CLANG_WARN_DEPRECATED_OBJC_IMPLEMENTATIONS = YES;
				CLANG_WARN_DIRECT_OBJC_ISA_USAGE = YES_ERROR;
				CLANG_WARN_DOCUMENTATION_COMMENTS = YES;
				CLANG_WARN_EMPTY_BODY = YES;
				CLANG_WARN_ENUM_CONVERSION = YES;
				CLANG_WARN_INFINITE_RECURSION = YES;
				CLANG_WARN_INT_CONVERSION = YES;
				CLANG_WARN_NON_LITERAL_NULL_CONVERSION = YES;
				CLANG_WARN_OBJC_IMPLICIT_RETAIN_SELF = YES;
				CLANG_WARN_OBJC_LITERAL_CONVERSION = YES;
				CLANG_WARN_OBJC_ROOT_CLASS = YES_ERROR;
				CLANG_WARN_QUOTED_INCLUDE_IN_FRAMEWORK_HEADER = YES;
				CLANG_WARN_RANGE_LOOP_ANALYSIS = YES;
				CLANG_WARN_STRICT_PROTOTYPES = YES;
				CLANG_WARN_SUSPICIOUS_MOVE = YES;
				CLANG_WARN_UNGUARDED_AVAILABILITY = YES_AGGRESSIVE;
				CLANG_WARN_UNREACHABLE_CODE = YES;
				CLANG_WARN__DUPLICATE_METHOD_MATCH = YES;
				COPY_PHASE_STRIP = NO;
				DEBUG_INFORMATION_FORMAT = "dwarf-with-dsym";
				ENABLE_NS_ASSERTIONS = NO;
				ENABLE_STRICT_OBJC_MSGSEND = YES;
				GCC_C_LANGUAGE_STANDARD = gnu11;
				GCC_NO_COMMON_BLOCKS = YES;
				GCC_WARN_64_TO_32_BIT_CONVERSION = YES;
				GCC_WARN_ABOUT_RETURN_TYPE = YES_ERROR;
				GCC_WARN_UNDECLARED_SELECTOR = YES;
				GCC_WARN_UNINITIALIZED_AUTOS = YES_AGGRESSIVE;
				GCC_WARN_UNUSED_FUNCTION = YES;
				GCC_WARN_UNUSED_VARIABLE = YES;
				IPHONEOS_DEPLOYMENT_TARGET = 14.5;
				MTL_ENABLE_DEBUG_INFO = NO;
				MTL_FAST_MATH = YES;
				SDKROOT = iphoneos;
				SWIFT_COMPILATION_MODE = wholemodule;
				SWIFT_OPTIMIZATION_LEVEL = "-O";
				VALIDATE_PRODUCT = YES;
			};
			name = Release;
		};
		5D12CB5326D78F9D00B7A7ED /* Debug */ = {
			isa = XCBuildConfiguration;
			buildSettings = {
				ASSETCATALOG_COMPILER_APPICON_NAME = AppIcon;
				ASSETCATALOG_COMPILER_GLOBAL_ACCENT_COLOR_NAME = AccentColor;
				CODE_SIGN_STYLE = Automatic;
				INFOPLIST_FILE = testapp/Info.plist;
				LD_RUNPATH_SEARCH_PATHS = (
					"$(inherited)",
					"@executable_path/Frameworks",
				);
				PRODUCT_BUNDLE_IDENTIFIER = com.test.testapp;
				PRODUCT_NAME = "$(TARGET_NAME)";
				SWIFT_VERSION = 5.0;
				TARGETED_DEVICE_FAMILY = "1,2";
			};
			name = Debug;
		};
		5D12CB5426D78F9D00B7A7ED /* Release */ = {
			isa = XCBuildConfiguration;
			buildSettings = {
				ASSETCATALOG_COMPILER_APPICON_NAME = AppIcon;
				ASSETCATALOG_COMPILER_GLOBAL_ACCENT_COLOR_NAME = AccentColor;
				CODE_SIGN_STYLE = Automatic;
				INFOPLIST_FILE = testapp/Info.plist;
				LD_RUNPATH_SEARCH_PATHS = (
					"$(inherited)",
					"@executable_path/Frameworks",
				);
				PRODUCT_BUNDLE_IDENTIFIER = com.test.testapp;
				PRODUCT_NAME = "$(TARGET_NAME)";
				SWIFT_VERSION = 5.0;
				TARGETED_DEVICE_FAMILY = "1,2";
			};
			name = Release;
		};
/* End XCBuildConfiguration section */

/* Begin XCConfigurationList section */
		5D12CB3926D78F9500B7A7ED /* Build configuration list for PBXProject "testapp" */ = {
			isa = XCConfigurationList;
			buildConfigurations = (
				5D12CB5026D78F9D00B7A7ED /* Debug */,
				5D12CB5126D78F9D00B7A7ED /* Release */,
			);
			defaultConfigurationIsVisible = 0;
			defaultConfigurationName = Release;
		};
		5D12CB5226D78F9D00B7A7ED /* Build configuration list for PBXNativeTarget "testapp" */ = {
			isa = XCConfigurationList;
			buildConfigurations = (
				5D12CB5326D78F9D00B7A7ED /* Debug */,
				5D12CB5426D78F9D00B7A7ED /* Release */,
			);
			defaultConfigurationIsVisible = 0;
			defaultConfigurationName = Release;
		};
/* End XCConfigurationList section */
	};
	rootObject = 5D12CB3626D78F9500B7A7ED /* Project object */;
}
